
Microsoft Visual Studio Solution File, Format Version 12.00
# Visual Studio Version 17
VisualStudioVersion = 17.14.36518.9 d17.14
MinimumVisualStudioVersion = 10.0.40219.1
Project("{FAE04EC0-301F-11D3-BF4B-00C04F79EFBC}") = "Wallets", "Wallets.csproj", "{920455E8-1846-4192-90C3-877DA36D6D7C}"
EndProject
Global
	GlobalSection(SolutionConfigurationPlatforms) = preSolution
		Debug|Any CPU = Debug|Any CPU
		Release|Any CPU = Release|Any CPU
	EndGlobalSection
	GlobalSection(ProjectConfigurationPlatforms) = postSolution
		{920455E8-1846-4192-90C3-877DA36D6D7C}.Debug|Any CPU.ActiveCfg = Debug|Any CPU
		{920455E8-1846-4192-90C3-877DA36D6D7C}.Debug|Any CPU.Build.0 = Debug|Any CPU
		{920455E8-1846-4192-90C3-877DA36D6D7C}.Release|Any CPU.ActiveCfg = Release|Any CPU
		{920455E8-1846-4192-90C3-877DA36D6D7C}.Release|Any CPU.Build.0 = Release|Any CPU
	EndGlobalSection
	GlobalSection(SolutionProperties) = preSolution
		HideSolutionNode = FALSE
	EndGlobalSection
	GlobalSection(ExtensibilityGlobals) = postSolution
		SolutionGuid = {3BD9B5B7-0797-4EF1-BB15-5E64998EC3F1}
	EndGlobalSection
EndGlobal
